
Microsoft Visual Studio Solution File, Format Version 12.00
# Visual Studio 15
VisualStudioVersion = 15.0.28307.136
MinimumVisualStudioVersion = 10.0.40219.1
Project("{FAE04EC0-301F-11D3-BF4B-00C04F79EFBC}") = "led-strip-gui", "led-strip-gui\led-strip-gui.csproj", "{EA97BC2A-178F-497D-86B9-A0A8D6740E65}"
EndProject
Global
	GlobalSection(SolutionConfigurationPlatforms) = preSolution
		Debug|Any CPU = Debug|Any CPU
		Release|Any CPU = Release|Any CPU
	EndGlobalSection
	GlobalSection(ProjectConfigurationPlatforms) = postSolution
		{EA97BC2A-178F-497D-86B9-A0A8D6740E65}.Debug|Any CPU.ActiveCfg = Debug|Any CPU
		{EA97BC2A-178F-497D-86B9-A0A8D6740E65}.Debug|Any CPU.Build.0 = Debug|Any CPU
		{EA97BC2A-178F-497D-86B9-A0A8D6740E65}.Release|Any CPU.ActiveCfg = Release|Any CPU
		{EA97BC2A-178F-497D-86B9-A0A8D6740E65}.Release|Any CPU.Build.0 = Release|Any CPU
	EndGlobalSection
	GlobalSection(SolutionProperties) = preSolution
		HideSolutionNode = FALSE
	EndGlobalSection
	GlobalSection(ExtensibilityGlobals) = postSolution
		SolutionGuid = {BA23B3BD-5FC9-47CA-A5FD-D68F139E4227}
	EndGlobalSection
EndGlobal
